// !$*UTF8*$!
{
	archiveVersion = 1;
	classes = {
	};
	objectVersion = 46;
	objects = {

/* Begin PBXBuildFile section */
		4DC799E61EDEEBDF0035E5C9 /* AppDelegate.swift in Sources */ = {isa = PBXBuildFile; fileRef = 4DC799E51EDEEBDF0035E5C9 /* AppDelegate.swift */; };
		4DC799E81EDEEBDF0035E5C9 /* ViewController.swift in Sources */ = {isa = PBXBuildFile; fileRef = 4DC799E71EDEEBDF0035E5C9 /* ViewController.swift */; };
		4DC799EB1EDEEBDF0035E5C9 /* Main.storyboard in Resources */ = {isa = PBXBuildFile; fileRef = 4DC799E91EDEEBDF0035E5C9 /* Main.storyboard */; };
		4DC799ED1EDEEBDF0035E5C9 /* Assets.xcassets in Resources */ = {isa = PBXBuildFile; fileRef = 4DC799EC1EDEEBDF0035E5C9 /* Assets.xcassets */; };
		4DC799F01EDEEBDF0035E5C9 /* LaunchScreen.storyboard in Resources */ = {isa = PBXBuildFile; fileRef = 4DC799EE1EDEEBDF0035E5C9 /* LaunchScreen.storyboard */; };
		4DC799FB1EDEEBDF0035E5C9 /* iBudgetManagerTests.swift in Sources */ = {isa = PBXBuildFile; fileRef = 4DC799FA1EDEEBDF0035E5C9 /* iBudgetManagerTests.swift */; };
		4DC79A061EDEEBDF0035E5C9 /* iBudgetManagerUITests.swift in Sources */ = {isa = PBXBuildFile; fileRef = 4DC79A051EDEEBDF0035E5C9 /* iBudgetManagerUITests.swift */; };
/* End PBXBuildFile section */

/* Begin PBXContainerItemProxy section */
		4DC799F71EDEEBDF0035E5C9 /* PBXContainerItemProxy */ = {
			isa = PBXContainerItemProxy;
			containerPortal = 4DC799DA1EDEEBDF0035E5C9 /* Project object */;
			proxyType = 1;
			remoteGlobalIDString = 4DC799E11EDEEBDF0035E5C9;
			remoteInfo = iBudgetManager;
		};
		4DC79A021EDEEBDF0035E5C9 /* PBXContainerItemProxy */ = {
			isa = PBXContainerItemProxy;
			containerPortal = 4DC799DA1EDEEBDF0035E5C9 /* Project object */;
			proxyType = 1;
			remoteGlobalIDString = 4DC799E11EDEEBDF0035E5C9;
			remoteInfo = iBudgetManager;
		};
/* End PBXContainerItemProxy section */

/* Begin PBXFileReference section */
		4DC799E21EDEEBDF0035E5C9 /* iBudgetManager.app */ = {isa = PBXFileReference; explicitFileType = wrapper.application; includeInIndex = 0; path = iBudgetManager.app; sourceTree = BUILT_PRODUCTS_DIR; };
		4DC799E51EDEEBDF0035E5C9 /* AppDelegate.swift */ = {isa = PBXFileReference; lastKnownFileType = sourcecode.swift; path = AppDelegate.swift; sourceTree = "<group>"; };
		4DC799E71EDEEBDF0035E5C9 /* ViewController.swift */ = {isa = PBXFileReference; lastKnownFileType = sourcecode.swift; path = ViewController.swift; sourceTree = "<group>"; };
		4DC799EA1EDEEBDF0035E5C9 /* Base */ = {isa = PBXFileReference; lastKnownFileType = file.storyboard; name = Base; path = Base.lproj/Main.storyboard; sourceTree = "<group>"; };
		4DC799EC1EDEEBDF0035E5C9 /* Assets.xcassets */ = {isa = PBXFileReference; lastKnownFileType = folder.assetcatalog; path = Assets.xcassets; sourceTree = "<group>"; };
		4DC799EF1EDEEBDF0035E5C9 /* Base */ = {isa = PBXFileReference; lastKnownFileType = file.storyboard; name = Base; path = Base.lproj/LaunchScreen.storyboard; sourceTree = "<group>"; };
		4DC799F11EDEEBDF0035E5C9 /* Info.plist */ = {isa = PBXFileReference; lastKnownFileType = text.plist.xml; path = Info.plist; sourceTree = "<group>"; };
		4DC799F61EDEEBDF0035E5C9 /* iBudgetManagerTests.xctest */ = {isa = PBXFileReference; explicitFileType = wrapper.cfbundle; includeInIndex = 0; path = iBudgetManagerTests.xctest; sourceTree = BUILT_PRODUCTS_DIR; };
		4DC799FA1EDEEBDF0035E5C9 /* iBudgetManagerTests.swift */ = {isa = PBXFileReference; lastKnownFileType = sourcecode.swift; path = iBudgetManagerTests.swift; sourceTree = "<group>"; };
		4DC799FC1EDEEBDF0035E5C9 /* Info.plist */ = {isa = PBXFileReference; lastKnownFileType = text.plist.xml; path = Info.plist; sourceTree = "<group>"; };
		4DC79A011EDEEBDF0035E5C9 /* iBudgetManagerUITests.xctest */ = {isa = PBXFileReference; explicitFileType = wrapper.cfbundle; includeInIndex = 0; path = iBudgetManagerUITests.xctest; sourceTree = BUILT_PRODUCTS_DIR; };
		4DC79A051EDEEBDF0035E5C9 /* iBudgetManagerUITests.swift */ = {isa = PBXFileReference; lastKnownFileType = sourcecode.swift; path = iBudgetManagerUITests.swift; sourceTree = "<group>"; };
		4DC79A071EDEEBDF0035E5C9 /* Info.plist */ = {isa = PBXFileReference; lastKnownFileType = text.plist.xml; path = Info.plist; sourceTree = "<group>"; };
/* End PBXFileReference section */

/* Begin PBXFrameworksBuildPhase section */
		4DC799DF1EDEEBDF0035E5C9 /* Frameworks */ = {
			isa = PBXFrameworksBuildPhase;
			buildActionMask = 2147483647;
			files = (
			);
			runOnlyForDeploymentPostprocessing = 0;
		};
		4DC799F31EDEEBDF0035E5C9 /* Frameworks */ = {
			isa = PBXFrameworksBuildPhase;
			buildActionMask = 2147483647;
			files = (
			);
			runOnlyForDeploymentPostprocessing = 0;
		};
		4DC799FE1EDEEBDF0035E5C9 /* Frameworks */ = {
			isa = PBXFrameworksBuildPhase;
			buildActionMask = 2147483647;
			files = (
			);
			runOnlyForDeploymentPostprocessing = 0;
		};
/* End PBXFrameworksBuildPhase section */

/* Begin PBXGroup section */
		4DC799D91EDEEBDF0035E5C9 = {
			isa = PBXGroup;
			children = (
				4DC799E41EDEEBDF0035E5C9 /* iBudgetManager */,
				4DC799F91EDEEBDF0035E5C9 /* iBudgetManagerTests */,
				4DC79A041EDEEBDF0035E5C9 /* iBudgetManagerUITests */,
				4DC799E31EDEEBDF0035E5C9 /* Products */,
			);
			sourceTree = "<group>";
		};
		4DC799E31EDEEBDF0035E5C9 /* Products */ = {
			isa = PBXGroup;
			children = (
				4DC799E21EDEEBDF0035E5C9 /* iBudgetManager.app */,
				4DC799F61EDEEBDF0035E5C9 /* iBudgetManagerTests.xctest */,
				4DC79A011EDEEBDF0035E5C9 /* iBudgetManagerUITests.xctest */,
			);
			name = Products;
			sourceTree = "<group>";
		};
		4DC799E41EDEEBDF0035E5C9 /* iBudgetManager */ = {
			isa = PBXGroup;
			children = (
				4DC799E51EDEEBDF0035E5C9 /* AppDelegate.swift */,
				4DC799E71EDEEBDF0035E5C9 /* ViewController.swift */,
				4DC799E91EDEEBDF0035E5C9 /* Main.storyboard */,
				4DC799EC1EDEEBDF0035E5C9 /* Assets.xcassets */,
				4DC799EE1EDEEBDF0035E5C9 /* LaunchScreen.storyboard */,
				4DC799F11EDEEBDF0035E5C9 /* Info.plist */,
			);
			path = iBudgetManager;
			sourceTree = "<group>";
		};
		4DC799F91EDEEBDF0035E5C9 /* iBudgetManagerTests */ = {
			isa = PBXGroup;
			children = (
				4DC799FA1EDEEBDF0035E5C9 /* iBudgetManagerTests.swift */,
				4DC799FC1EDEEBDF0035E5C9 /* Info.plist */,
			);
			path = iBudgetManagerTests;
			sourceTree = "<group>";
		};
		4DC79A041EDEEBDF0035E5C9 /* iBudgetManagerUITests */ = {
			isa = PBXGroup;
			children = (
				4DC79A051EDEEBDF0035E5C9 /* iBudgetManagerUITests.swift */,
				4DC79A071EDEEBDF0035E5C9 /* Info.plist */,
			);
			path = iBudgetManagerUITests;
			sourceTree = "<group>";
		};
/* End PBXGroup section */

/* Begin PBXNativeTarget section */
		4DC799E11EDEEBDF0035E5C9 /* iBudgetManager */ = {
			isa = PBXNativeTarget;
			buildConfigurationList = 4DC79A0A1EDEEBDF0035E5C9 /* Build configuration list for PBXNativeTarget "iBudgetManager" */;
			buildPhases = (
				4DC799DE1EDEEBDF0035E5C9 /* Sources */,
				4DC799DF1EDEEBDF0035E5C9 /* Frameworks */,
				4DC799E01EDEEBDF0035E5C9 /* Resources */,
			);
			buildRules = (
			);
			dependencies = (
			);
			name = iBudgetManager;
			productName = iBudgetManager;
			productReference = 4DC799E21EDEEBDF0035E5C9 /* iBudgetManager.app */;
			productType = "com.apple.product-type.application";
		};
		4DC799F51EDEEBDF0035E5C9 /* iBudgetManagerTests */ = {
			isa = PBXNativeTarget;
			buildConfigurationList = 4DC79A0D1EDEEBDF0035E5C9 /* Build configuration list for PBXNativeTarget "iBudgetManagerTests" */;
			buildPhases = (
				4DC799F21EDEEBDF0035E5C9 /* Sources */,
				4DC799F31EDEEBDF0035E5C9 /* Frameworks */,
				4DC799F41EDEEBDF0035E5C9 /* Resources */,
			);
			buildRules = (
			);
			dependencies = (
				4DC799F81EDEEBDF0035E5C9 /* PBXTargetDependency */,
			);
			name = iBudgetManagerTests;
			productName = iBudgetManagerTests;
			productReference = 4DC799F61EDEEBDF0035E5C9 /* iBudgetManagerTests.xctest */;
			productType = "com.apple.product-type.bundle.unit-test";
		};
		4DC79A001EDEEBDF0035E5C9 /* iBudgetManagerUITests */ = {
			isa = PBXNativeTarget;
			buildConfigurationList = 4DC79A101EDEEBDF0035E5C9 /* Build configuration list for PBXNativeTarget "iBudgetManagerUITests" */;
			buildPhases = (
				4DC799FD1EDEEBDF0035E5C9 /* Sources */,
				4DC799FE1EDEEBDF0035E5C9 /* Frameworks */,
				4DC799FF1EDEEBDF0035E5C9 /* Resources */,
			);
			buildRules = (
			);
			dependencies = (
				4DC79A031EDEEBDF0035E5C9 /* PBXTargetDependency */,
			);
			name = iBudgetManagerUITests;
			productName = iBudgetManagerUITests;
			productReference = 4DC79A011EDEEBDF0035E5C9 /* iBudgetManagerUITests.xctest */;
			productType = "com.apple.product-type.bundle.ui-testing";
		};
/* End PBXNativeTarget section */

/* Begin PBXProject section */
		4DC799DA1EDEEBDF0035E5C9 /* Project object */ = {
			isa = PBXProject;
			attributes = {
				LastSwiftUpdateCheck = 0820;
				LastUpgradeCheck = 0820;
				ORGANIZATIONNAME = Ospite;
				TargetAttributes = {
					4DC799E11EDEEBDF0035E5C9 = {
						CreatedOnToolsVersion = 8.2;
						ProvisioningStyle = Automatic;
					};
					4DC799F51EDEEBDF0035E5C9 = {
						CreatedOnToolsVersion = 8.2;
						ProvisioningStyle = Automatic;
						TestTargetID = 4DC799E11EDEEBDF0035E5C9;
					};
					4DC79A001EDEEBDF0035E5C9 = {
						CreatedOnToolsVersion = 8.2;
						ProvisioningStyle = Automatic;
						TestTargetID = 4DC799E11EDEEBDF0035E5C9;
					};
				};
			};
			buildConfigurationList = 4DC799DD1EDEEBDF0035E5C9 /* Build configuration list for PBXProject "iBudgetManager" */;
			compatibilityVersion = "Xcode 3.2";
			developmentRegion = English;
			hasScannedForEncodings = 0;
			knownRegions = (
				en,
				Base,
			);
			mainGroup = 4DC799D91EDEEBDF0035E5C9;
			productRefGroup = 4DC799E31EDEEBDF0035E5C9 /* Products */;
			projectDirPath = "";
			projectRoot = "";
			targets = (
				4DC799E11EDEEBDF0035E5C9 /* iBudgetManager */,
				4DC799F51EDEEBDF0035E5C9 /* iBudgetManagerTests */,
				4DC79A001EDEEBDF0035E5C9 /* iBudgetManagerUITests */,
			);
		};
/* End PBXProject section */

/* Begin PBXResourcesBuildPhase section */
		4DC799E01EDEEBDF0035E5C9 /* Resources */ = {
			isa = PBXResourcesBuildPhase;
			buildActionMask = 2147483647;
			files = (
				4DC799F01EDEEBDF0035E5C9 /* LaunchScreen.storyboard in Resources */,
				4DC799ED1EDEEBDF0035E5C9 /* Assets.xcassets in Resources */,
				4DC799EB1EDEEBDF0035E5C9 /* Main.storyboard in Resources */,
			);
			runOnlyForDeploymentPostprocessing = 0;
		};
		4DC799F41EDEEBDF0035E5C9 /* Resources */ = {
			isa = PBXResourcesBuildPhase;
			buildActionMask = 2147483647;
			files = (
			);
			runOnlyForDeploymentPostprocessing = 0;
		};
		4DC799FF1EDEEBDF0035E5C9 /* Resources */ = {
			isa = PBXResourcesBuildPhase;
			buildActionMask = 2147483647;
			files = (
			);
			runOnlyForDeploymentPostprocessing = 0;
		};
/* End PBXResourcesBuildPhase section */

/* Begin PBXSourcesBuildPhase section */
		4DC799DE1EDEEBDF0035E5C9 /* Sources */ = {
			isa = PBXSourcesBuildPhase;
			buildActionMask = 2147483647;
			files = (
				4DC799E81EDEEBDF0035E5C9 /* ViewController.swift in Sources */,
				4DC799E61EDEEBDF0035E5C9 /* AppDelegate.swift in Sources */,
			);
			runOnlyForDeploymentPostprocessing = 0;
		};
		4DC799F21EDEEBDF0035E5C9 /* Sources */ = {
			isa = PBXSourcesBuildPhase;
			buildActionMask = 2147483647;
			files = (
				4DC799FB1EDEEBDF0035E5C9 /* iBudgetManagerTests.swift in Sources */,
			);
			runOnlyForDeploymentPostprocessing = 0;
		};
		4DC799FD1EDEEBDF0035E5C9 /* Sources */ = {
			isa = PBXSourcesBuildPhase;
			buildActionMask = 2147483647;
			files = (
				4DC79A061EDEEBDF0035E5C9 /* iBudgetManagerUITests.swift in Sources */,
			);
			runOnlyForDeploymentPostprocessing = 0;
		};
/* End PBXSourcesBuildPhase section */

/* Begin PBXTargetDependency section */
		4DC799F81EDEEBDF0035E5C9 /* PBXTargetDependency */ = {
			isa = PBXTargetDependency;
			target = 4DC799E11EDEEBDF0035E5C9 /* iBudgetManager */;
			targetProxy = 4DC799F71EDEEBDF0035E5C9 /* PBXContainerItemProxy */;
		};
		4DC79A031EDEEBDF0035E5C9 /* PBXTargetDependency */ = {
			isa = PBXTargetDependency;
			target = 4DC799E11EDEEBDF0035E5C9 /* iBudgetManager */;
			targetProxy = 4DC79A021EDEEBDF0035E5C9 /* PBXContainerItemProxy */;
		};
/* End PBXTargetDependency section */

/* Begin PBXVariantGroup section */
		4DC799E91EDEEBDF0035E5C9 /* Main.storyboard */ = {
			isa = PBXVariantGroup;
			children = (
				4DC799EA1EDEEBDF0035E5C9 /* Base */,
			);
			name = Main.storyboard;
			sourceTree = "<group>";
		};
		4DC799EE1EDEEBDF0035E5C9 /* LaunchScreen.storyboard */ = {
			isa = PBXVariantGroup;
			children = (
				4DC799EF1EDEEBDF0035E5C9 /* Base */,
			);
			name = LaunchScreen.storyboard;
			sourceTree = "<group>";
		};
/* End PBXVariantGroup section */

/* Begin XCBuildConfiguration section */
		4DC79A081EDEEBDF0035E5C9 /* Debug */ = {
			isa = XCBuildConfiguration;
			buildSettings = {
				ALWAYS_SEARCH_USER_PATHS = NO;
				CLANG_ANALYZER_NONNULL = YES;
				CLANG_CXX_LANGUAGE_STANDARD = "gnu++0x";
				CLANG_CXX_LIBRARY = "libc++";
				CLANG_ENABLE_MODULES = YES;
				CLANG_ENABLE_OBJC_ARC = YES;
				CLANG_WARN_BOOL_CONVERSION = YES;
				CLANG_WARN_CONSTANT_CONVERSION = YES;
				CLANG_WARN_DIRECT_OBJC_ISA_USAGE = YES_ERROR;
				CLANG_WARN_DOCUMENTATION_COMMENTS = YES;
				CLANG_WARN_EMPTY_BODY = YES;
				CLANG_WARN_ENUM_CONVERSION = YES;
				CLANG_WARN_INFINITE_RECURSION = YES;
				CLANG_WARN_INT_CONVERSION = YES;
				CLANG_WARN_OBJC_ROOT_CLASS = YES_ERROR;
				CLANG_WARN_SUSPICIOUS_MOVE = YES;
				CLANG_WARN_UNREACHABLE_CODE = YES;
				CLANG_WARN__DUPLICATE_METHOD_MATCH = YES;
				"CODE_SIGN_IDENTITY[sdk=iphoneos*]" = "iPhone Developer";
				COPY_PHASE_STRIP = NO;
				DEBUG_INFORMATION_FORMAT = dwarf;
				ENABLE_STRICT_OBJC_MSGSEND = YES;
				ENABLE_TESTABILITY = YES;
				GCC_C_LANGUAGE_STANDARD = gnu99;
				GCC_DYNAMIC_NO_PIC = NO;
				GCC_NO_COMMON_BLOCKS = YES;
				GCC_OPTIMIZATION_LEVEL = 0;
				GCC_PREPROCESSOR_DEFINITIONS = (
					"DEBUG=1",
					"$(inherited)",
				);
				GCC_WARN_64_TO_32_BIT_CONVERSION = YES;
				GCC_WARN_ABOUT_RETURN_TYPE = YES_ERROR;
				GCC_WARN_UNDECLARED_SELECTOR = YES;
				GCC_WARN_UNINITIALIZED_AUTOS = YES_AGGRESSIVE;
				GCC_WARN_UNUSED_FUNCTION = YES;
				GCC_WARN_UNUSED_VARIABLE = YES;
				IPHONEOS_DEPLOYMENT_TARGET = 10.2;
				MTL_ENABLE_DEBUG_INFO = YES;
				ONLY_ACTIVE_ARCH = YES;
				SDKROOT = iphoneos;
				SWIFT_ACTIVE_COMPILATION_CONDITIONS = DEBUG;
				SWIFT_OPTIMIZATION_LEVEL = "-Onone";
				TARGETED_DEVICE_FAMILY = "1,2";
			};
			name = Debug;
		};
		4DC79A091EDEEBDF0035E5C9 /* Release */ = {
			isa = XCBuildConfiguration;
			buildSettings = {
				ALWAYS_SEARCH_USER_PATHS = NO;
				CLANG_ANALYZER_NONNULL = YES;
				CLANG_CXX_LANGUAGE_STANDARD = "gnu++0x";
				CLANG_CXX_LIBRARY = "libc++";
				CLANG_ENABLE_MODULES = YES;
				CLANG_ENABLE_OBJC_ARC = YES;
				CLANG_WARN_BOOL_CONVERSION = YES;
				CLANG_WARN_CONSTANT_CONVERSION = YES;
				CLANG_WARN_DIRECT_OBJC_ISA_USAGE = YES_ERROR;
				CLANG_WARN_DOCUMENTATION_COMMENTS = YES;
				CLANG_WARN_EMPTY_BODY = YES;
				CLANG_WARN_ENUM_CONVERSION = YES;
				CLANG_WARN_INFINITE_RECURSION = YES;
				CLANG_WARN_INT_CONVERSION = YES;
				CLANG_WARN_OBJC_ROOT_CLASS = YES_ERROR;
				CLANG_WARN_SUSPICIOUS_MOVE = YES;
				CLANG_WARN_UNREACHABLE_CODE = YES;
				CLANG_WARN__DUPLICATE_METHOD_MATCH = YES;
				"CODE_SIGN_IDENTITY[sdk=iphoneos*]" = "iPhone Developer";
				COPY_PHASE_STRIP = NO;
				DEBUG_INFORMATION_FORMAT = "dwarf-with-dsym";
				ENABLE_NS_ASSERTIONS = NO;
				ENABLE_STRICT_OBJC_MSGSEND = YES;
				GCC_C_LANGUAGE_STANDARD = gnu99;
				GCC_NO_COMMON_BLOCKS = YES;
				GCC_WARN_64_TO_32_BIT_CONVERSION = YES;
				GCC_WARN_ABOUT_RETURN_TYPE = YES_ERROR;
				GCC_WARN_UNDECLARED_SELECTOR = YES;
				GCC_WARN_UNINITIALIZED_AUTOS = YES_AGGRESSIVE;
				GCC_WARN_UNUSED_FUNCTION = YES;
				GCC_WARN_UNUSED_VARIABLE = YES;
				IPHONEOS_DEPLOYMENT_TARGET = 10.2;
				MTL_ENABLE_DEBUG_INFO = NO;
				SDKROOT = iphoneos;
				SWIFT_OPTIMIZATION_LEVEL = "-Owholemodule";
				TARGETED_DEVICE_FAMILY = "1,2";
				VALIDATE_PRODUCT = YES;
			};
			name = Release;
		};
		4DC79A0B1EDEEBDF0035E5C9 /* Debug */ = {
			isa = XCBuildConfiguration;
			buildSettings = {
				ASSETCATALOG_COMPILER_APPICON_NAME = AppIcon;
				INFOPLIST_FILE = iBudgetManager/Info.plist;
				LD_RUNPATH_SEARCH_PATHS = "$(inherited) @executable_path/Frameworks";
				PRODUCT_BUNDLE_IDENTIFIER = moreno.test.iBudgetManager;
				PRODUCT_NAME = "$(TARGET_NAME)";
				SWIFT_VERSION = 3.0;
			};
			name = Debug;
		};
		4DC79A0C1EDEEBDF0035E5C9 /* Release */ = {
			isa = XCBuildConfiguration;
			buildSettings = {
				ASSETCATALOG_COMPILER_APPICON_NAME = AppIcon;
				INFOPLIST_FILE = iBudgetManager/Info.plist;
				LD_RUNPATH_SEARCH_PATHS = "$(inherited) @executable_path/Frameworks";
				PRODUCT_BUNDLE_IDENTIFIER = moreno.test.iBudgetManager;
				PRODUCT_NAME = "$(TARGET_NAME)";
				SWIFT_VERSION = 3.0;
			};
			name = Release;
		};
		4DC79A0E1EDEEBDF0035E5C9 /* Debug */ = {
			isa = XCBuildConfiguration;
			buildSettings = {
				ALWAYS_EMBED_SWIFT_STANDARD_LIBRARIES = YES;
				BUNDLE_LOADER = "$(TEST_HOST)";
				INFOPLIST_FILE = iBudgetManagerTests/Info.plist;
				LD_RUNPATH_SEARCH_PATHS = "$(inherited) @executable_path/Frameworks @loader_path/Frameworks";
				PRODUCT_BUNDLE_IDENTIFIER = moreno.test.iBudgetManagerTests;
				PRODUCT_NAME = "$(TARGET_NAME)";
				SWIFT_VERSION = 3.0;
				TEST_HOST = "$(BUILT_PRODUCTS_DIR)/iBudgetManager.app/iBudgetManager";
			};
			name = Debug;
		};
		4DC79A0F1EDEEBDF0035E5C9 /* Release */ = {
			isa = XCBuildConfiguration;
			buildSettings = {
				ALWAYS_EMBED_SWIFT_STANDARD_LIBRARIES = YES;
				BUNDLE_LOADER = "$(TEST_HOST)";
				INFOPLIST_FILE = iBudgetManagerTests/Info.plist;
				LD_RUNPATH_SEARCH_PATHS = "$(inherited) @executable_path/Frameworks @loader_path/Frameworks";
				PRODUCT_BUNDLE_IDENTIFIER = moreno.test.iBudgetManagerTests;
				PRODUCT_NAME = "$(TARGET_NAME)";
				SWIFT_VERSION = 3.0;
				TEST_HOST = "$(BUILT_PRODUCTS_DIR)/iBudgetManager.app/iBudgetManager";
			};
			name = Release;
		};
		4DC79A111EDEEBDF0035E5C9 /* Debug */ = {
			isa = XCBuildConfiguration;
			buildSettings = {
				ALWAYS_EMBED_SWIFT_STANDARD_LIBRARIES = YES;
				INFOPLIST_FILE = iBudgetManagerUITests/Info.plist;
				LD_RUNPATH_SEARCH_PATHS = "$(inherited) @executable_path/Frameworks @loader_path/Frameworks";
				PRODUCT_BUNDLE_IDENTIFIER = moreno.test.iBudgetManagerUITests;
				PRODUCT_NAME = "$(TARGET_NAME)";
				SWIFT_VERSION = 3.0;
				TEST_TARGET_NAME = iBudgetManager;
			};
			name = Debug;
		};
		4DC79A121EDEEBDF0035E5C9 /* Release */ = {
			isa = XCBuildConfiguration;
			buildSettings = {
				ALWAYS_EMBED_SWIFT_STANDARD_LIBRARIES = YES;
				INFOPLIST_FILE = iBudgetManagerUITests/Info.plist;
				LD_RUNPATH_SEARCH_PATHS = "$(inherited) @executable_path/Frameworks @loader_path/Frameworks";
				PRODUCT_BUNDLE_IDENTIFIER = moreno.test.iBudgetManagerUITests;
				PRODUCT_NAME = "$(TARGET_NAME)";
				SWIFT_VERSION = 3.0;
				TEST_TARGET_NAME = iBudgetManager;
			};
			name = Release;
		};
/* End XCBuildConfiguration section */

/* Begin XCConfigurationList section */
		4DC799DD1EDEEBDF0035E5C9 /* Build configuration list for PBXProject "iBudgetManager" */ = {
			isa = XCConfigurationList;
			buildConfigurations = (
				4DC79A081EDEEBDF0035E5C9 /* Debug */,
				4DC79A091EDEEBDF0035E5C9 /* Release */,
			);
			defaultConfigurationIsVisible = 0;
			defaultConfigurationName = Release;
		};
		4DC79A0A1EDEEBDF0035E5C9 /* Build configuration list for PBXNativeTarget "iBudgetManager" */ = {
			isa = XCConfigurationList;
			buildConfigurations = (
				4DC79A0B1EDEEBDF0035E5C9 /* Debug */,
				4DC79A0C1EDEEBDF0035E5C9 /* Release */,
			);
			defaultConfigurationIsVisible = 0;
		};
		4DC79A0D1EDEEBDF0035E5C9 /* Build configuration list for PBXNativeTarget "iBudgetManagerTests" */ = {
			isa = XCConfigurationList;
			buildConfigurations = (
				4DC79A0E1EDEEBDF0035E5C9 /* Debug */,
				4DC79A0F1EDEEBDF0035E5C9 /* Release */,
			);
			defaultConfigurationIsVisible = 0;
		};
		4DC79A101EDEEBDF0035E5C9 /* Build configuration list for PBXNativeTarget "iBudgetManagerUITests" */ = {
			isa = XCConfigurationList;
			buildConfigurations = (
				4DC79A111EDEEBDF0035E5C9 /* Debug */,
				4DC79A121EDEEBDF0035E5C9 /* Release */,
			);
			defaultConfigurationIsVisible = 0;
		};
/* End XCConfigurationList section */
	};
	rootObject = 4DC799DA1EDEEBDF0035E5C9 /* Project object */;
}
